
Microsoft Visual Studio Solution File, Format Version 12.00
# Visual Studio 15
VisualStudioVersion = 15.0.26403.0
MinimumVisualStudioVersion = 10.0.40219.1
Project("{FAE04EC0-301F-11D3-BF4B-00C04F79EFBC}") = "StarterFly.MvcWeb", "StarterFly.MvcWeb\StarterFly.MvcWeb.csproj", "{6875DDD6-B2A2-44CF-81F7-22B2D14D3D1D}"
EndProject
Project("{FAE04EC0-301F-11D3-BF4B-00C04F79EFBC}") = "StarterFly", "StarterFly\StarterFly.csproj", "{56A38C58-018B-40A3-914A-CF685468F8EE}"
EndProject
Global
	GlobalSection(SolutionConfigurationPlatforms) = preSolution
		Debug|Any CPU = Debug|Any CPU
		Release|Any CPU = Release|Any CPU
	EndGlobalSection
	GlobalSection(ProjectConfigurationPlatforms) = postSolution
		{6875DDD6-B2A2-44CF-81F7-22B2D14D3D1D}.Debug|Any CPU.ActiveCfg = Debug|Any CPU
		{6875DDD6-B2A2-44CF-81F7-22B2D14D3D1D}.Debug|Any CPU.Build.0 = Debug|Any CPU
		{6875DDD6-B2A2-44CF-81F7-22B2D14D3D1D}.Release|Any CPU.ActiveCfg = Release|Any CPU
		{6875DDD6-B2A2-44CF-81F7-22B2D14D3D1D}.Release|Any CPU.Build.0 = Release|Any CPU
		{56A38C58-018B-40A3-914A-CF685468F8EE}.Debug|Any CPU.ActiveCfg = Debug|Any CPU
		{56A38C58-018B-40A3-914A-CF685468F8EE}.Debug|Any CPU.Build.0 = Debug|Any CPU
		{56A38C58-018B-40A3-914A-CF685468F8EE}.Release|Any CPU.ActiveCfg = Release|Any CPU
		{56A38C58-018B-40A3-914A-CF685468F8EE}.Release|Any CPU.Build.0 = Release|Any CPU
	EndGlobalSection
	GlobalSection(SolutionProperties) = preSolution
		HideSolutionNode = FALSE
	EndGlobalSection
EndGlobal
